<?xml version="1.0" encoding="utf-8"?>
<Project ToolsVersion="4.0" xmlns="http://schemas.microsoft.com/developer/msbuild/2003">
  <ItemGroup>
    <Filter Include="Source">
      <UniqueIdentifier>{4FC737F1-C7A5-4376-A066-2A32D752A2FF}</UniqueIdentifier>
      <Extensions>cpp;c;cc;cxx;def;odl;idl;hpj;bat;asm;asmx</Extensions>
    </Filter>
    <Filter Include="Header">
      <UniqueIdentifier>{93995380-89BD-4b04-88EB-625FBE52EBFB}</UniqueIdentifier>
      <Extensions>h;hh;hpp;hxx;hm;inl;inc;xsd</Extensions>
    </Filter>
  </ItemGroup>
  <ItemGroup>
    <ClInclude Include="..\Header\libExtra.h">
      <Filter>Header</Filter>
    </ClInclude>
    <ClInclude Include="..\Header\libExtraTypes.h">
      <Filter>Header</Filter>
    </ClInclude>
  </ItemGroup>
  <ItemGroup>
    <ClCompile Include="..\Source\floatscape.cpp">
      <Filter>Source</Filter>
    </ClCompile>
    <ClCompile Include="..\Source\databuffer.cpp">
      <Filter>Source</Filter>
    </ClCompile>
    <ClCompile Include="..\Source\depthbuffer.cpp">
      <Filter>Source</Filter>
    </ClCompile>
    <ClCompile Include="..\Source\camera.cpp">
      <Filter>Source</Filter>
    </ClCompile>
    <ClCompile Include="..\Source\control.cpp">
      <Filter>Source</Filter>
    </ClCompile>
    <ClCompile Include="..\Source\cubeworld.cpp">
      <Filter>Source</Filter>
    </ClCompile>
    <ClCompile Include="..\Source\debug.cpp">
      <Filter>Source</Filter>
    </ClCompile>
    <ClCompile Include="..\Source\directx11.cpp">
      <Filter>Source</Filter>
    </ClCompile>
    <ClCompile Include="..\Source\fileparser.cpp">
      <Filter>Source</Filter>
    </ClCompile>
    <ClCompile Include="..\Source\font.cpp">
      <Filter>Source</Filter>
    </ClCompile>
    <ClCompile Include="..\Source\material.cpp">
      <Filter>Source</Filter>
    </ClCompile>
    <ClCompile Include="..\Source\model.cpp">
      <Filter>Source</Filter>
    </ClCompile>
    <ClCompile Include="..\Source\textmodel.cpp">
      <Filter>Source</Filter>
    </ClCompile>
    <ClCompile Include="..\Source\texture.cpp">
      <Filter>Source</Filter>
    </ClCompile>
    <ClCompile Include="..\Source\triangleset.cpp">
      <Filter>Source</Filter>
    </ClCompile>
    <ClCompile Include="..\Source\files.cpp">
      <Filter>Source</Filter>
    </ClCompile>
    <ClCompile Include="..\Source\maths.cpp">
      <Filter>Source</Filter>
    </ClCompile>
    <ClCompile Include="..\Source\shader.cpp">
      <Filter>Source</Filter>
    </ClCompile>
    <ClCompile Include="..\Source\dxMathInterface.cpp">
      <Filter>Source</Filter>
    </ClCompile>
  </ItemGroup>
</Project>
